
Microsoft Visual Studio Solution File, Format Version 12.00
# Visual Studio 14
VisualStudioVersion = 14.0.25420.1
MinimumVisualStudioVersion = 10.0.40219.1
Project("{FAE04EC0-301F-11D3-BF4B-00C04F79EFBC}") = "Tedushop.Common", "Tedushop.Common\Tedushop.Common.csproj", "{A35C47BA-8544-4922-89CF-07B919A77271}"
EndProject
Project("{FAE04EC0-301F-11D3-BF4B-00C04F79EFBC}") = "TeduShop.Model", "TeduShop.Model\TeduShop.Model.csproj", "{44A3A710-9688-4694-B6BE-10C15D0C2AD9}"
EndProject
Project("{FAE04EC0-301F-11D3-BF4B-00C04F79EFBC}") = "TeduShop.Data", "TeduShop.Data\TeduShop.Data.csproj", "{8740904E-6C3D-470E-8DE7-027B634C190F}"
EndProject
Project("{FAE04EC0-301F-11D3-BF4B-00C04F79EFBC}") = "TeduShop.UnitTest", "TeduShop.UnitTest\TeduShop.UnitTest.csproj", "{F2E3A690-4744-40DE-8FCC-77642934546B}"
EndProject
Project("{FAE04EC0-301F-11D3-BF4B-00C04F79EFBC}") = "TeduShop.Web", "TeduShop.Web\TeduShop.Web.csproj", "{BAB45EE9-776B-49B1-BCBD-901633445976}"
EndProject
Project("{FAE04EC0-301F-11D3-BF4B-00C04F79EFBC}") = "TeduShop.Service", "TeduShop.Service\TeduShop.Service.csproj", "{EFE08C7B-06A1-42ED-86F2-B72B38FBD12F}"
EndProject
Global
	GlobalSection(SolutionConfigurationPlatforms) = preSolution
		Debug|Any CPU = Debug|Any CPU
		Release|Any CPU = Release|Any CPU
	EndGlobalSection
	GlobalSection(ProjectConfigurationPlatforms) = postSolution
		{A35C47BA-8544-4922-89CF-07B919A77271}.Debug|Any CPU.ActiveCfg = Debug|Any CPU
		{A35C47BA-8544-4922-89CF-07B919A77271}.Debug|Any CPU.Build.0 = Debug|Any CPU
		{A35C47BA-8544-4922-89CF-07B919A77271}.Release|Any CPU.ActiveCfg = Release|Any CPU
		{A35C47BA-8544-4922-89CF-07B919A77271}.Release|Any CPU.Build.0 = Release|Any CPU
		{44A3A710-9688-4694-B6BE-10C15D0C2AD9}.Debug|Any CPU.ActiveCfg = Debug|Any CPU
		{44A3A710-9688-4694-B6BE-10C15D0C2AD9}.Debug|Any CPU.Build.0 = Debug|Any CPU
		{44A3A710-9688-4694-B6BE-10C15D0C2AD9}.Release|Any CPU.ActiveCfg = Release|Any CPU
		{44A3A710-9688-4694-B6BE-10C15D0C2AD9}.Release|Any CPU.Build.0 = Release|Any CPU
		{8740904E-6C3D-470E-8DE7-027B634C190F}.Debug|Any CPU.ActiveCfg = Debug|Any CPU
		{8740904E-6C3D-470E-8DE7-027B634C190F}.Debug|Any CPU.Build.0 = Debug|Any CPU
		{8740904E-6C3D-470E-8DE7-027B634C190F}.Release|Any CPU.ActiveCfg = Release|Any CPU
		{8740904E-6C3D-470E-8DE7-027B634C190F}.Release|Any CPU.Build.0 = Release|Any CPU
		{F2E3A690-4744-40DE-8FCC-77642934546B}.Debug|Any CPU.ActiveCfg = Debug|Any CPU
		{F2E3A690-4744-40DE-8FCC-77642934546B}.Debug|Any CPU.Build.0 = Debug|Any CPU
		{F2E3A690-4744-40DE-8FCC-77642934546B}.Release|Any CPU.ActiveCfg = Release|Any CPU
		{F2E3A690-4744-40DE-8FCC-77642934546B}.Release|Any CPU.Build.0 = Release|Any CPU
		{BAB45EE9-776B-49B1-BCBD-901633445976}.Debug|Any CPU.ActiveCfg = Debug|Any CPU
		{BAB45EE9-776B-49B1-BCBD-901633445976}.Debug|Any CPU.Build.0 = Debug|Any CPU
		{BAB45EE9-776B-49B1-BCBD-901633445976}.Release|Any CPU.ActiveCfg = Release|Any CPU
		{BAB45EE9-776B-49B1-BCBD-901633445976}.Release|Any CPU.Build.0 = Release|Any CPU
		{EFE08C7B-06A1-42ED-86F2-B72B38FBD12F}.Debug|Any CPU.ActiveCfg = Debug|Any CPU
		{EFE08C7B-06A1-42ED-86F2-B72B38FBD12F}.Debug|Any CPU.Build.0 = Debug|Any CPU
		{EFE08C7B-06A1-42ED-86F2-B72B38FBD12F}.Release|Any CPU.ActiveCfg = Release|Any CPU
		{EFE08C7B-06A1-42ED-86F2-B72B38FBD12F}.Release|Any CPU.Build.0 = Release|Any CPU
	EndGlobalSection
	GlobalSection(SolutionProperties) = preSolution
		HideSolutionNode = FALSE
	EndGlobalSection
EndGlobal
